
Microsoft Visual Studio Solution File, Format Version 11.00
# Visual Studio 2010
Project("{FAE04EC0-301F-11D3-BF4B-00C04F79EFBC}") = "MySQL", "Assembly-CSharp.csproj", "{BA7CA7D4-6D95-BEF1-90C0-0FD83DF51765}"
EndProject
Global
	GlobalSection(SolutionConfigurationPlatforms) = preSolution
		Debug|Any CPU = Debug|Any CPU
		Release|Any CPU = Release|Any CPU
	EndGlobalSection
	GlobalSection(ProjectConfigurationPlatforms) = postSolution
		{BA7CA7D4-6D95-BEF1-90C0-0FD83DF51765}.Debug|Any CPU.ActiveCfg = Debug|Any CPU
		{BA7CA7D4-6D95-BEF1-90C0-0FD83DF51765}.Debug|Any CPU.Build.0 = Debug|Any CPU
		{BA7CA7D4-6D95-BEF1-90C0-0FD83DF51765}.Release|Any CPU.ActiveCfg = Release|Any CPU
		{BA7CA7D4-6D95-BEF1-90C0-0FD83DF51765}.Release|Any CPU.Build.0 = Release|Any CPU
	EndGlobalSection
	GlobalSection(SolutionProperties) = preSolution
		HideSolutionNode = FALSE
	EndGlobalSection
	GlobalSection(MonoDevelopProperties) = preSolution
		StartupItem = Assembly-CSharp.csproj
	EndGlobalSection
EndGlobal
